
Microsoft Visual Studio Solution File, Format Version 12.00
# Visual Studio Version 16
VisualStudioVersion = 16.0.32106.194
MinimumVisualStudioVersion = 10.0.40219.1
Project("{FAE04EC0-301F-11D3-BF4B-00C04F79EFBC}") = "Assignment02", "Assignment02.csproj", "{53D4446E-6AE2-4576-8DA3-AEB3029C624F}"
EndProject
Global
	GlobalSection(SolutionConfigurationPlatforms) = preSolution
		Debug|Any CPU = Debug|Any CPU
		Release|Any CPU = Release|Any CPU
	EndGlobalSection
	GlobalSection(ProjectConfigurationPlatforms) = postSolution
		{53D4446E-6AE2-4576-8DA3-AEB3029C624F}.Debug|Any CPU.ActiveCfg = Debug|Any CPU
		{53D4446E-6AE2-4576-8DA3-AEB3029C624F}.Debug|Any CPU.Build.0 = Debug|Any CPU
		{53D4446E-6AE2-4576-8DA3-AEB3029C624F}.Release|Any CPU.ActiveCfg = Release|Any CPU
		{53D4446E-6AE2-4576-8DA3-AEB3029C624F}.Release|Any CPU.Build.0 = Release|Any CPU
	EndGlobalSection
	GlobalSection(SolutionProperties) = preSolution
		HideSolutionNode = FALSE
	EndGlobalSection
	GlobalSection(ExtensibilityGlobals) = postSolution
		SolutionGuid = {67640BF8-18FB-4D2E-A3FD-026E0A492FAE}
	EndGlobalSection
EndGlobal
